{
  "name": "node",
  "version": "1.0.0",
  "lockfileVersion": 1,
  "requires": true,
  "dependencies": {
    "@sap/hana-client": {
      "version": "2.11.14",
      "resolved": "http://nginx-redirector.repo-cache.svc.cluster.local/repository/appstudio-npm-group/@sap/hana-client/-/hana-client-2.11.14.tgz",
      "integrity": "sha512-THQrPUXFtUV/PPfquzeVySpmfjksPAZpc/mqCgC7AW76IXBO/iPjeNLPI911BQsa2o3JOhTRYBjSjX3kwfzMqw==",
      "requires": {
        "debug": "3.1.0"
      },
      "dependencies": {
        "debug": {
          "version": "3.1.0",
          "resolved": false,
          "integrity": "sha512-OX8XqP7/1a9cqkxYw2yXss15f26NKWBpDXQd0/uK/KPqdQhxbPa994hnzjcE2VqQpDslf55723cKPUOGSmMY3g==",
          "requires": {
            "ms": "2.0.0"
          }
        },
        "ms": {
          "version": "2.0.0",
          "resolved": false,
          "integrity": "sha1-VgiurfwAvmwpAd9fmGF4jeDVl8g="
        }
      }
    }
  }
}
